
Microsoft Visual Studio Solution File, Format Version 12.00
# Visual Studio Version 17
VisualStudioVersion = 17.13.35931.197 d17.13
MinimumVisualStudioVersion = 10.0.40219.1
Project("{FAE04EC0-301F-11D3-BF4B-00C04F79EFBC}") = "CarCenter", "CarCenter\CarCenter.csproj", "{2409417A-6D9C-4E87-A8D2-B78A93B70B52}"
EndProject
Global
	GlobalSection(SolutionConfigurationPlatforms) = preSolution
		Debug|Any CPU = Debug|Any CPU
		Release|Any CPU = Release|Any CPU
	EndGlobalSection
	GlobalSection(ProjectConfigurationPlatforms) = postSolution
		{2409417A-6D9C-4E87-A8D2-B78A93B70B52}.Debug|Any CPU.ActiveCfg = Debug|Any CPU
		{2409417A-6D9C-4E87-A8D2-B78A93B70B52}.Debug|Any CPU.Build.0 = Debug|Any CPU
		{2409417A-6D9C-4E87-A8D2-B78A93B70B52}.Release|Any CPU.ActiveCfg = Release|Any CPU
		{2409417A-6D9C-4E87-A8D2-B78A93B70B52}.Release|Any CPU.Build.0 = Release|Any CPU
	EndGlobalSection
	GlobalSection(SolutionProperties) = preSolution
		HideSolutionNode = FALSE
	EndGlobalSection
	GlobalSection(ExtensibilityGlobals) = postSolution
		SolutionGuid = {C7DCB5B6-6557-4C92-B77F-159CBDE9A4A3}
	EndGlobalSection
EndGlobal
